{
  "lockfile_version": "1",
  "packages": {
    "age@latest": {
      "last_modified": "2023-12-13T22:54:10Z",
      "resolved": "github:NixOS/nixpkgs/fd04bea4cbf76f86f244b9e2549fca066db8ddff#age",
      "source": "devbox-search",
      "version": "1.1.1",
      "systems": {
        "aarch64-darwin": {
          "store_path": "/nix/store/2bgv9ynggp3rilwl05bd8pij7sap7fhg-age-1.1.1"
        },
        "aarch64-linux": {
          "store_path": "/nix/store/3wnijxq9ghjv7gx04nxrhhs8nkz9mk49-age-1.1.1"
        },
        "x86_64-darwin": {
          "store_path": "/nix/store/8ij11a318y63bcmn03rs84y8pipnadfv-age-1.1.1"
        },
        "x86_64-linux": {
          "store_path": "/nix/store/xh816kyaib2qva6mfcrlpx9q96lfn8yi-age-1.1.1"
        }
      }
    },
    "autojump@latest": {
      "last_modified": "2023-12-13T22:54:10Z",
      "resolved": "github:NixOS/nixpkgs/fd04bea4cbf76f86f244b9e2549fca066db8ddff#autojump",
      "source": "devbox-search",
      "version": "22.5.3",
      "systems": {
        "aarch64-darwin": {
          "store_path": "/nix/store/cz5nl16sqny5mmza6c08pwl268zrby19-autojump-22.5.3"
        },
        "aarch64-linux": {
          "store_path": "/nix/store/idkrg0sp4cfgkmd8c1fv1kgxcdggzffj-autojump-22.5.3"
        },
        "x86_64-darwin": {
          "store_path": "/nix/store/v95zgvbrxdpry4dkvc4y7avcgbzlqq1z-autojump-22.5.3"
        },
        "x86_64-linux": {
          "store_path": "/nix/store/ra97n7v7w5br6cwibcimn79pa3vxz3qr-autojump-22.5.3"
        }
      }
    },
    "bat@latest": {
      "last_modified": "2023-12-13T22:54:10Z",
      "resolved": "github:NixOS/nixpkgs/fd04bea4cbf76f86f244b9e2549fca066db8ddff#bat",
      "source": "devbox-search",
      "version": "0.24.0",
      "systems": {
        "aarch64-darwin": {
          "store_path": "/nix/store/jvzjjz8nrgqayqhmfha26a77s2kha82j-bat-0.24.0"
        },
        "aarch64-linux": {
          "store_path": "/nix/store/g311flxny2wf0q5gvm5q6jx8k4lrb9rs-bat-0.24.0"
        },
        "x86_64-darwin": {
          "store_path": "/nix/store/zmh1qs2jsf3nl0sqkqcxa0dhmj2nkv3g-bat-0.24.0"
        },
        "x86_64-linux": {
          "store_path": "/nix/store/6bfrl12gxhk77djk3cmgwf0brfi1185m-bat-0.24.0"
        }
      }
    },
    "colordiff@latest": {
      "last_modified": "2023-12-13T22:54:10Z",
      "resolved": "github:NixOS/nixpkgs/fd04bea4cbf76f86f244b9e2549fca066db8ddff#colordiff",
      "source": "devbox-search",
      "version": "1.0.21",
      "systems": {
        "aarch64-darwin": {
          "store_path": "/nix/store/m9jajw4ym7an2lrx1r06qdcnd2a6lwin-colordiff-1.0.21"
        },
        "aarch64-linux": {
          "store_path": "/nix/store/7jagxmv4qshj5wskw74i17410qgnqcma-colordiff-1.0.21"
        },
        "x86_64-darwin": {
          "store_path": "/nix/store/p9266zmfm6y9cjvvrc0dp1wb9jyb2hs4-colordiff-1.0.21"
        },
        "x86_64-linux": {
          "store_path": "/nix/store/w5rzwf96q0s03rnyhbp3b9avf3lp7a2c-colordiff-1.0.21"
        }
      }
    },
    "ctags@latest": {
      "last_modified": "2023-12-13T22:54:10Z",
      "resolved": "github:NixOS/nixpkgs/fd04bea4cbf76f86f244b9e2549fca066db8ddff#ctags",
      "source": "devbox-search",
      "version": "816",
      "systems": {
        "aarch64-darwin": {
          "store_path": "/nix/store/6pvwn295ma4dwjh85y45ycbq22mlbix0-ctags-816"
        },
        "aarch64-linux": {
          "store_path": "/nix/store/iszcw6bvz76wy3dgxnnjwkk3kkg0a9vc-ctags-816"
        },
        "x86_64-darwin": {
          "store_path": "/nix/store/m67i9m2hmdsc19ibr8945mphmqr29f1p-ctags-816"
        },
        "x86_64-linux": {
          "store_path": "/nix/store/9n98p36i9lhpbp7cl4vzdswj9q70khw9-ctags-816"
        }
      }
    },
    "curl@latest": {
      "last_modified": "2024-01-02T02:19:20Z",
      "resolved": "github:NixOS/nixpkgs/63143ac2c9186be6d9da6035fa22620018c85932#curl",
      "source": "devbox-search",
      "version": "8.4.0",
      "systems": {
        "aarch64-darwin": {
          "store_path": "/nix/store/wnq7f4ysrjkyj58sly36rg01x98kh0qs-curl-8.4.0-bin"
        },
        "aarch64-linux": {
          "store_path": "/nix/store/llfg6h6cj2hv1zmnlg0xakqgdwirdi0c-curl-8.4.0-bin"
        },
        "x86_64-darwin": {
          "store_path": "/nix/store/nzxidvbc4i1hnxf5nqmj6lmba5habf58-curl-8.4.0-bin"
        },
        "x86_64-linux": {
          "store_path": "/nix/store/0mjq6w6cx1k9907vxm0k5pk7pm1ifib3-curl-8.4.0-bin"
        }
      }
    },
    "delta@latest": {
      "last_modified": "2023-12-13T22:54:10Z",
      "resolved": "github:NixOS/nixpkgs/fd04bea4cbf76f86f244b9e2549fca066db8ddff#delta",
      "source": "devbox-search",
      "version": "0.16.5",
      "systems": {
        "aarch64-darwin": {
          "store_path": "/nix/store/1p2fzzvq6n4jmjffckh516059i81x8f0-delta-0.16.5"
        },
        "aarch64-linux": {
          "store_path": "/nix/store/bj9prkkv53c9cj7hkqrsz5kdpir3cg03-delta-0.16.5"
        },
        "x86_64-darwin": {
          "store_path": "/nix/store/rdnq75ljaxgj6q5mzgdps69qvr10hi6p-delta-0.16.5"
        },
        "x86_64-linux": {
          "store_path": "/nix/store/n3y85wr89zyaj3mbcnsnb0ql5bv0pbxx-delta-0.16.5"
        }
      }
    },
    "diff-so-fancy@latest": {
      "last_modified": "2023-12-13T22:54:10Z",
      "resolved": "github:NixOS/nixpkgs/fd04bea4cbf76f86f244b9e2549fca066db8ddff#diff-so-fancy",
      "source": "devbox-search",
      "version": "1.4.4",
      "systems": {
        "aarch64-darwin": {
          "store_path": "/nix/store/kszxmkm52c6g1v8vs6kq1h6iwlh130ky-diff-so-fancy-1.4.4"
        },
        "aarch64-linux": {
          "store_path": "/nix/store/iqkxm1x4bpkjkzczpgwmw4d20098zy8a-diff-so-fancy-1.4.4"
        },
        "x86_64-darwin": {
          "store_path": "/nix/store/vcbybf8sacd3grps1r7b55g9bhrizzjx-diff-so-fancy-1.4.4"
        },
        "x86_64-linux": {
          "store_path": "/nix/store/y1xpwvillsmq910yw3ja6ymwyjnlcpf8-diff-so-fancy-1.4.4"
        }
      }
    },
    "direnv@latest": {
      "last_modified": "2023-12-13T22:54:10Z",
      "resolved": "github:NixOS/nixpkgs/fd04bea4cbf76f86f244b9e2549fca066db8ddff#direnv",
      "source": "devbox-search",
      "version": "2.33.0",
      "systems": {
        "aarch64-darwin": {
          "store_path": "/nix/store/iw865954x7mx57ybc8zyghspisvmfzs7-direnv-2.33.0"
        },
        "aarch64-linux": {
          "store_path": "/nix/store/149mjbpdbxs8yjn30xvmhxm93qi8bdv6-direnv-2.33.0"
        },
        "x86_64-darwin": {
          "store_path": "/nix/store/j4djf3x6iran8fq2ywrc0vx6y2k95hs2-direnv-2.33.0"
        },
        "x86_64-linux": {
          "store_path": "/nix/store/0lf6mkfaqx4zmsni9yys650qx573zfcw-direnv-2.33.0"
        }
      }
    },
    "dos2unix@latest": {
      "last_modified": "2023-12-13T22:54:10Z",
      "resolved": "github:NixOS/nixpkgs/fd04bea4cbf76f86f244b9e2549fca066db8ddff#dos2unix",
      "source": "devbox-search",
      "version": "7.5.1",
      "systems": {
        "aarch64-darwin": {
          "store_path": "/nix/store/9si098fy2msh6p87i02d3pis23b0xj64-dos2unix-7.5.1"
        },
        "aarch64-linux": {
          "store_path": "/nix/store/69c6mq4lifh1yb807y6l6n759qm6i70d-dos2unix-7.5.1"
        },
        "x86_64-darwin": {
          "store_path": "/nix/store/pf339ihbkzhy387vk2qmvyj034k2d9lv-dos2unix-7.5.1"
        },
        "x86_64-linux": {
          "store_path": "/nix/store/dnmxzq14i0cp17lqk1yqyjppvcqj7dwa-dos2unix-7.5.1"
        }
      }
    },
    "exa@latest": {
      "last_modified": "2023-09-06T20:35:33Z",
      "resolved": "github:NixOS/nixpkgs/efd23a1c9ae8c574e2ca923c2b2dc336797f4cc4#exa",
      "source": "devbox-search",
      "version": "2023-03-01",
      "systems": {
        "aarch64-darwin": {
          "store_path": "/nix/store/b8gn0ypb3wd82673iahqk099ifriflyq-exa-unstable-2023-03-01"
        },
        "aarch64-linux": {
          "store_path": "/nix/store/baaa6q31c6y8nc88h0grvj6357lq01gj-exa-unstable-2023-03-01"
        },
        "x86_64-darwin": {
          "store_path": "/nix/store/sdqspvbzvs1d1kvfkwj4yngwywdc1s8r-exa-unstable-2023-03-01"
        },
        "x86_64-linux": {
          "store_path": "/nix/store/9rcc6z61paivss0g7d96izw7zqmg21gx-exa-unstable-2023-03-01"
        }
      }
    },
    "fd@latest": {
      "last_modified": "2023-12-20T09:10:46Z",
      "resolved": "github:NixOS/nixpkgs/7c33cd6bf01cf09f77bfdf6741cddfffa2cd5640#fd",
      "source": "devbox-search",
      "version": "9.0.0",
      "systems": {
        "aarch64-darwin": {
          "store_path": "/nix/store/z67n3zm06ax9928mz1jx5qmzg0hys2f8-fd-9.0.0"
        },
        "aarch64-linux": {
          "store_path": "/nix/store/jq9ipllh4cwqmlvhhnkkn93k86y2vkyl-fd-9.0.0"
        },
        "x86_64-darwin": {
          "store_path": "/nix/store/jxax7r7gjyv7hxnryyxcl99d5i4z5lj8-fd-9.0.0"
        },
        "x86_64-linux": {
          "store_path": "/nix/store/dc07a530zi9qw2bv56bvrab8fqbv81m6-fd-9.0.0"
        }
      }
    },
    "fzf@latest": {
      "last_modified": "2024-01-02T02:19:20Z",
      "resolved": "github:NixOS/nixpkgs/63143ac2c9186be6d9da6035fa22620018c85932#fzf",
      "source": "devbox-search",
      "version": "0.45.0",
      "systems": {
        "aarch64-darwin": {
          "store_path": "/nix/store/yq6zg7gli3i93mmrd9dxbb7kwnqlbrga-fzf-0.45.0"
        },
        "aarch64-linux": {
          "store_path": "/nix/store/rsb77ysh86kr8a8v9kjgp30y591zzwz7-fzf-0.45.0"
        },
        "x86_64-darwin": {
          "store_path": "/nix/store/777rd0hwbdmbc1zcilihi972q5kl7m6k-fzf-0.45.0"
        },
        "x86_64-linux": {
          "store_path": "/nix/store/rg6aa8qnkhkkmc7afx43c7aqiyv3623h-fzf-0.45.0"
        }
      }
    },
    "hishtory@latest": {
      "last_modified": "2024-02-10T18:15:24Z",
      "resolved": "github:NixOS/nixpkgs/10b813040df67c4039086db0f6eaf65c536886c6#hishtory",
      "source": "devbox-search",
      "version": "0.267",
      "systems": {
        "aarch64-darwin": {
          "store_path": "/nix/store/hm4qji6mrjp3jjbp7l8gcgx0y2n7y584-hishtory-0.267"
        },
        "aarch64-linux": {
          "store_path": "/nix/store/4q8a3af8c2ig0sx9gb7lrybhx2hjdamm-hishtory-0.267"
        },
        "x86_64-darwin": {
          "store_path": "/nix/store/dvxbbvxvb9vjizv2nbrybbzkps1kkrbz-hishtory-0.267"
        },
        "x86_64-linux": {
          "store_path": "/nix/store/q3pc1qk6hkvkp0yz8klvr2hxxl8nk291-hishtory-0.267"
        }
      }
    },
    "htop@latest": {
      "last_modified": "2023-12-13T22:54:10Z",
      "resolved": "github:NixOS/nixpkgs/fd04bea4cbf76f86f244b9e2549fca066db8ddff#htop",
      "source": "devbox-search",
      "version": "3.2.2",
      "systems": {
        "aarch64-darwin": {
          "store_path": "/nix/store/lrhwdxmbk26mwhbjwnap7mg5yyv3z0n5-htop-3.2.2"
        },
        "aarch64-linux": {
          "store_path": "/nix/store/bwh630zy6p29cahmrsha3q8vd6fsvl4x-htop-3.2.2"
        },
        "x86_64-darwin": {
          "store_path": "/nix/store/zg2g7z8if1px7azby4aw7dzswhm8731w-htop-3.2.2"
        },
        "x86_64-linux": {
          "store_path": "/nix/store/dqmczq0d252bxa7932jv14psjl2nkjhv-htop-3.2.2"
        }
      }
    },
    "iotop@latest": {
      "last_modified": "2023-12-13T22:54:10Z",
      "resolved": "github:NixOS/nixpkgs/fd04bea4cbf76f86f244b9e2549fca066db8ddff#iotop",
      "source": "devbox-search",
      "version": "0.6",
      "systems": {
        "aarch64-linux": {
          "store_path": "/nix/store/wchgfvnkgxc7pksmw2f9j660drbry5y6-iotop-0.6"
        },
        "x86_64-linux": {
          "store_path": "/nix/store/09lzzhifa57gi1d966n9v0hgr1rjsp60-iotop-0.6"
        }
      }
    },
    "jless@latest": {
      "last_modified": "2023-12-13T22:54:10Z",
      "resolved": "github:NixOS/nixpkgs/fd04bea4cbf76f86f244b9e2549fca066db8ddff#jless",
      "source": "devbox-search",
      "version": "0.9.0",
      "systems": {
        "aarch64-darwin": {
          "store_path": "/nix/store/38kc5a0kwjhxzrsdghyilgw3n9x3j2dl-jless-0.9.0"
        },
        "aarch64-linux": {
          "store_path": "/nix/store/0yfi9qc0kwgfdb2h9y3xy43r1gpfknl1-jless-0.9.0"
        },
        "x86_64-darwin": {
          "store_path": "/nix/store/njanc6n9c70mzs3kq3bsp4ifhz7lqdxz-jless-0.9.0"
        },
        "x86_64-linux": {
          "store_path": "/nix/store/nahki18y22cbbb3vbl4ah729k1qpal04-jless-0.9.0"
        }
      }
    },
    "jq@latest": {
      "last_modified": "2024-01-02T02:19:20Z",
      "resolved": "github:NixOS/nixpkgs/63143ac2c9186be6d9da6035fa22620018c85932#jq",
      "source": "devbox-search",
      "version": "1.7",
      "systems": {
        "aarch64-darwin": {
          "store_path": "/nix/store/38hrq70jzqsq81v7gim7j3q45955186l-jq-1.7-bin"
        },
        "aarch64-linux": {
          "store_path": "/nix/store/7p5qb1x5zdsvk2dyzxw4drfrchichpgs-jq-1.7-bin"
        },
        "x86_64-darwin": {
          "store_path": "/nix/store/z9qssj644qgmfyhj6flqspkrdi5lrhbp-jq-1.7-bin"
        },
        "x86_64-linux": {
          "store_path": "/nix/store/xdmynnfk2f5c8z39wrh7h216lhh91bjq-jq-1.7-bin"
        }
      }
    },
    "lsof@latest": {
      "last_modified": "2023-12-13T22:54:10Z",
      "resolved": "github:NixOS/nixpkgs/fd04bea4cbf76f86f244b9e2549fca066db8ddff#lsof",
      "source": "devbox-search",
      "version": "4.98.0",
      "systems": {
        "aarch64-darwin": {
          "store_path": "/nix/store/c57nkvdhnjrvci6gravxwwlm6959vs0r-lsof-4.98.0"
        },
        "aarch64-linux": {
          "store_path": "/nix/store/mmv6j9yw350c0nwvysqbl58y1khrcm33-lsof-4.98.0"
        },
        "x86_64-darwin": {
          "store_path": "/nix/store/90yc66rvkyxl7yvp10fyrqjrm2d6p4w0-lsof-4.98.0"
        },
        "x86_64-linux": {
          "store_path": "/nix/store/yg4myj1nms587skzhn7wcb6vd3s4ns1x-lsof-4.98.0"
        }
      }
    },
    "lynx@latest": {
      "last_modified": "2023-12-13T22:54:10Z",
      "resolved": "github:NixOS/nixpkgs/fd04bea4cbf76f86f244b9e2549fca066db8ddff#lynx",
      "source": "devbox-search",
      "version": "2.9.0dev.12",
      "systems": {
        "aarch64-darwin": {
          "store_path": "/nix/store/9v4gqcylqbmx5kbkl175sbrzmm3dlawx-lynx-2.9.0dev.12"
        },
        "aarch64-linux": {
          "store_path": "/nix/store/adkg1nhk7cawf3ydf4a5biciw827inmz-lynx-2.9.0dev.12"
        },
        "x86_64-darwin": {
          "store_path": "/nix/store/sl7li9sa49g3vf432zsl29vrbv8l0xqh-lynx-2.9.0dev.12"
        },
        "x86_64-linux": {
          "store_path": "/nix/store/gnfizj00qc3y149pq2ppd6zbbjw2ipww-lynx-2.9.0dev.12"
        }
      }
    },
    "moreutils@latest": {
      "last_modified": "2023-12-13T22:54:10Z",
      "resolved": "github:NixOS/nixpkgs/fd04bea4cbf76f86f244b9e2549fca066db8ddff#moreutils",
      "source": "devbox-search",
      "version": "0.68",
      "systems": {
        "aarch64-darwin": {
          "store_path": "/nix/store/pjhsrjfirb76ybqk3yyswv2rdbn6l8h5-moreutils-0.68"
        },
        "aarch64-linux": {
          "store_path": "/nix/store/mgp30jfws9z4afvgjzvrrvnj831kwjpp-moreutils-0.68"
        },
        "x86_64-darwin": {
          "store_path": "/nix/store/5pav3yqrhh7xrr9r2c7hi9xc6lk83191-moreutils-0.68"
        },
        "x86_64-linux": {
          "store_path": "/nix/store/ja56557bq2skp0cyvvy6bhgd0cgqidli-moreutils-0.68"
        }
      }
    },
    "mosh@latest": {
      "last_modified": "2023-12-20T09:10:46Z",
      "resolved": "github:NixOS/nixpkgs/7c33cd6bf01cf09f77bfdf6741cddfffa2cd5640#mosh",
      "source": "devbox-search",
      "version": "1.4.0",
      "systems": {
        "aarch64-darwin": {
          "store_path": "/nix/store/bm9z4478w3dwd56x560gxnbdmiminbz1-mosh-1.4.0"
        },
        "aarch64-linux": {
          "store_path": "/nix/store/whyl4s8nlk6yya22jbaqqzvqjbjfxvl9-mosh-1.4.0"
        },
        "x86_64-darwin": {
          "store_path": "/nix/store/h09xbzwvh4g0amh2q0yf75n3x1g2xjvc-mosh-1.4.0"
        },
        "x86_64-linux": {
          "store_path": "/nix/store/rhwh3spq3qpk22r7w8l88q8hk4vsdb54-mosh-1.4.0"
        }
      }
    },
    "ncdu@latest": {
      "last_modified": "2023-12-13T22:54:10Z",
      "resolved": "github:NixOS/nixpkgs/fd04bea4cbf76f86f244b9e2549fca066db8ddff#ncdu",
      "source": "devbox-search",
      "version": "2.3",
      "systems": {
        "aarch64-darwin": {
          "store_path": "/nix/store/w1b26slwz4izbsm7vil91hazsdgqssh0-ncdu-2.3"
        },
        "aarch64-linux": {
          "store_path": "/nix/store/16v6smkj0w3m2qvvsnrkp4hqz9cy5r6q-ncdu-2.3"
        },
        "x86_64-darwin": {
          "store_path": "/nix/store/x3gwpqzcbcbhqa3s9kv0ycgi9f8z80l5-ncdu-2.3"
        },
        "x86_64-linux": {
          "store_path": "/nix/store/m7i7hv7s4d0ynmag4zn7il0vzh0dbl3s-ncdu-2.3"
        }
      }
    },
    "ncftp@latest": {
      "last_modified": "2023-12-13T22:54:10Z",
      "resolved": "github:NixOS/nixpkgs/fd04bea4cbf76f86f244b9e2549fca066db8ddff#ncftp",
      "source": "devbox-search",
      "version": "3.2.6",
      "systems": {
        "aarch64-linux": {
          "store_path": "/nix/store/cn2n96y769v6gac98fp8n5m0z4jwn03j-ncftp-3.2.6"
        },
        "x86_64-linux": {
          "store_path": "/nix/store/glyb2bxm19d0iva906h743dcdzf493y7-ncftp-3.2.6"
        }
      }
    },
    "neofetch@latest": {
      "last_modified": "2023-12-20T12:30:24Z",
      "resolved": "github:NixOS/nixpkgs/69973a9a20858b467dd936542c63554f3675e02d#neofetch",
      "source": "devbox-search",
      "version": "2021-12-10",
      "systems": {
        "aarch64-darwin": {
          "store_path": "/nix/store/2k35r1xbrqb78fcdlm0l2mzbyw8a2s2l-neofetch-unstable-2021-12-10"
        },
        "aarch64-linux": {
          "store_path": "/nix/store/nzyy3nqw8y54i8h6cbf4lzvwpl7j4q1k-neofetch-unstable-2021-12-10"
        },
        "x86_64-darwin": {
          "store_path": "/nix/store/cn184z5r4s3xai5ipylqcim51671k5dv-neofetch-unstable-2021-12-10"
        },
        "x86_64-linux": {
          "store_path": "/nix/store/dq40jjpmka9238isyxnr3lcfd843m0pv-neofetch-unstable-2021-12-10"
        }
      }
    },
    "neovim@latest": {
      "last_modified": "2024-01-02T02:19:20Z",
      "resolved": "github:NixOS/nixpkgs/63143ac2c9186be6d9da6035fa22620018c85932#neovim",
      "source": "devbox-search",
      "version": "0.9.5",
      "systems": {
        "aarch64-darwin": {
          "store_path": "/nix/store/ndkff8a7j3lra6199dpafwhwiwravf2c-neovim-0.9.5"
        },
        "aarch64-linux": {
          "store_path": "/nix/store/8amsxyk4b2ni8gnp3cw8qq84nbj1aqkf-neovim-0.9.5"
        },
        "x86_64-darwin": {
          "store_path": "/nix/store/pxjz4xmf7nw3pkw6bz1z1jmhw8zr3qgd-neovim-0.9.5"
        },
        "x86_64-linux": {
          "store_path": "/nix/store/vwx0g4f80gcyli36rjdlc5i825cv3qif-neovim-0.9.5"
        }
      }
    },
    "nmap@latest": {
      "last_modified": "2023-12-13T22:54:10Z",
      "resolved": "github:NixOS/nixpkgs/fd04bea4cbf76f86f244b9e2549fca066db8ddff#nmap",
      "source": "devbox-search",
      "version": "7.94",
      "systems": {
        "aarch64-darwin": {
          "store_path": "/nix/store/93wd0wcm7mykbaw5rmrnhxj1gqiy061h-nmap-7.94"
        },
        "aarch64-linux": {
          "store_path": "/nix/store/h6qhl3bj3vxf71h469qbffkl8caa2blm-nmap-7.94"
        },
        "x86_64-darwin": {
          "store_path": "/nix/store/x1679p32mvi5xl9c2qr9jrb1ras5nzhr-nmap-7.94"
        },
        "x86_64-linux": {
          "store_path": "/nix/store/gl9qap28gvjp6fr99a00gxgk2cgx3iby-nmap-7.94"
        }
      }
    },
    "passage@latest": {
      "last_modified": "2023-12-13T22:54:10Z",
      "resolved": "github:NixOS/nixpkgs/fd04bea4cbf76f86f244b9e2549fca066db8ddff#passage",
      "source": "devbox-search",
      "version": "2022-05-01",
      "systems": {
        "aarch64-darwin": {
          "store_path": "/nix/store/sjmxcgkd91kan84g8k16pgyy55jh99ra-passage-unstable-2022-05-01"
        },
        "aarch64-linux": {
          "store_path": "/nix/store/r6i0vn5l5zygpzc9xbxd851z1fa6yqni-passage-unstable-2022-05-01"
        },
        "x86_64-darwin": {
          "store_path": "/nix/store/7ph64rcz164kkh7jv8f6yj36i27yaf69-passage-unstable-2022-05-01"
        },
        "x86_64-linux": {
          "store_path": "/nix/store/q8asj0pjmpvfrla1gbmfw3gbi1sgc5ip-passage-unstable-2022-05-01"
        }
      }
    },
    "perl@latest": {
      "last_modified": "2024-02-26T19:46:43Z",
      "resolved": "github:NixOS/nixpkgs/548a86b335d7ecd8b57ec617781f5e652ab0c38e#perl",
      "source": "devbox-search",
      "version": "5.38.2",
      "systems": {
        "aarch64-darwin": {
          "store_path": "/nix/store/mb50r9haqwpx352x916cfmalkhwjiqkc-perl-5.38.2"
        },
        "aarch64-linux": {
          "store_path": "/nix/store/3jfbb9i9p3w4l706ifzdbx04lsdrhy96-perl-5.38.2"
        },
        "x86_64-darwin": {
          "store_path": "/nix/store/vmy5f936yvdqb52nmykdimydpkd10daa-perl-5.38.2"
        },
        "x86_64-linux": {
          "store_path": "/nix/store/jr2c1rk91nqlfz5a5lwfq2kyilxzj879-perl-5.38.2"
        }
      }
    },
    "pv@latest": {
      "last_modified": "2023-12-13T22:54:10Z",
      "resolved": "github:NixOS/nixpkgs/fd04bea4cbf76f86f244b9e2549fca066db8ddff#pv",
      "source": "devbox-search",
      "version": "1.8.5",
      "systems": {
        "aarch64-darwin": {
          "store_path": "/nix/store/amxyh69kczi3x1gnncvlg5057s0n3xnx-pv-1.8.5"
        },
        "aarch64-linux": {
          "store_path": "/nix/store/fgazvzjcbavfa3avm009lx85qkr0n8gb-pv-1.8.5"
        },
        "x86_64-darwin": {
          "store_path": "/nix/store/ix6isb7yvccymqrhcnq37q7367x463cx-pv-1.8.5"
        },
        "x86_64-linux": {
          "store_path": "/nix/store/j9k62635xa3d44jwg7zclvwqb307wcfb-pv-1.8.5"
        }
      }
    },
    "pwgen@latest": {
      "last_modified": "2023-12-13T22:54:10Z",
      "resolved": "github:NixOS/nixpkgs/fd04bea4cbf76f86f244b9e2549fca066db8ddff#pwgen",
      "source": "devbox-search",
      "version": "2.08",
      "systems": {
        "aarch64-darwin": {
          "store_path": "/nix/store/mz9sifb1hdq2iiprv5xi977fvn2lm5gd-pwgen-2.08"
        },
        "aarch64-linux": {
          "store_path": "/nix/store/0vm5wx8cfrai6sazgpxyf1r09m94d4gz-pwgen-2.08"
        },
        "x86_64-darwin": {
          "store_path": "/nix/store/zvmhsi5l4b40wa4m5bvs9cdvic1i62xb-pwgen-2.08"
        },
        "x86_64-linux": {
          "store_path": "/nix/store/p68q9ddq4k5vr702c45bpabw70pfky8p-pwgen-2.08"
        }
      }
    },
    "restic@latest": {
      "last_modified": "2023-12-13T22:54:10Z",
      "resolved": "github:NixOS/nixpkgs/fd04bea4cbf76f86f244b9e2549fca066db8ddff#restic",
      "source": "devbox-search",
      "version": "0.16.2",
      "systems": {
        "aarch64-darwin": {
          "store_path": "/nix/store/jmczblldmg5sf7v2gagp964rm6bfnhac-restic-0.16.2"
        },
        "aarch64-linux": {
          "store_path": "/nix/store/ds23mxvc5xpmf6ww32lk663qgfj7bl1x-restic-0.16.2"
        },
        "x86_64-darwin": {
          "store_path": "/nix/store/6ycy96ms6hh0saxjpmiq7bqvw60lnrgz-restic-0.16.2"
        },
        "x86_64-linux": {
          "store_path": "/nix/store/yw3ydk9qrns2xkkjc568avb2v6xw33qc-restic-0.16.2"
        }
      }
    },
    "ripgrep@latest": {
      "last_modified": "2023-12-13T22:54:10Z",
      "resolved": "github:NixOS/nixpkgs/fd04bea4cbf76f86f244b9e2549fca066db8ddff#ripgrep",
      "source": "devbox-search",
      "version": "14.0.3",
      "systems": {
        "aarch64-darwin": {
          "store_path": "/nix/store/j2qzzj9hfhgw1n4x4m9jfkjh35f08wvi-ripgrep-14.0.3"
        },
        "aarch64-linux": {
          "store_path": "/nix/store/w96vfys7371ax1zp57349ksmx07scq60-ripgrep-14.0.3"
        },
        "x86_64-darwin": {
          "store_path": "/nix/store/664lf4ayqbp15jp6vw1l4n7zw6mx2vmw-ripgrep-14.0.3"
        },
        "x86_64-linux": {
          "store_path": "/nix/store/8b5nim3x05h9i8qcdry10y7lsc2mxi74-ripgrep-14.0.3"
        }
      }
    },
    "rsync@latest": {
      "last_modified": "2023-12-13T22:54:10Z",
      "resolved": "github:NixOS/nixpkgs/fd04bea4cbf76f86f244b9e2549fca066db8ddff#rsync",
      "source": "devbox-search",
      "version": "3.2.7",
      "systems": {
        "aarch64-darwin": {
          "store_path": "/nix/store/azyy2hk8jp2j7c3rhz951rcb3l5j3l0z-rsync-3.2.7"
        },
        "aarch64-linux": {
          "store_path": "/nix/store/81562iicgyryccma4d7zqahzkq3fd9cp-rsync-3.2.7"
        },
        "x86_64-darwin": {
          "store_path": "/nix/store/sqv1sgkpv0qkrz0qx7ila901rj0833yn-rsync-3.2.7"
        },
        "x86_64-linux": {
          "store_path": "/nix/store/81fpr64vybx6wqm5iysfb5z600k19qll-rsync-3.2.7"
        }
      }
    },
    "siege@latest": {
      "last_modified": "2023-12-13T22:54:10Z",
      "resolved": "github:NixOS/nixpkgs/fd04bea4cbf76f86f244b9e2549fca066db8ddff#siege",
      "source": "devbox-search",
      "version": "4.1.6",
      "systems": {
        "aarch64-linux": {
          "store_path": "/nix/store/vdrz4fhvyzwq3hzbqs7xx11j7nnan915-siege-4.1.6"
        },
        "x86_64-linux": {
          "store_path": "/nix/store/2k81qjiz8rpxy8xrksrxs41mnz43d8i3-siege-4.1.6"
        }
      }
    },
    "spacer@latest": {
      "last_modified": "2023-12-13T22:54:10Z",
      "resolved": "github:NixOS/nixpkgs/fd04bea4cbf76f86f244b9e2549fca066db8ddff#spacer",
      "source": "devbox-search",
      "version": "0.3.0",
      "systems": {
        "aarch64-darwin": {
          "store_path": "/nix/store/9krhil36s2dcq6392qd640aps36gm6ca-spacer-0.3.0"
        },
        "aarch64-linux": {
          "store_path": "/nix/store/2j6m34zjqqhcqjl4b4z2fk23v4b2mf60-spacer-0.3.0"
        },
        "x86_64-darwin": {
          "store_path": "/nix/store/pahs21xmhgjylszlgq204wgbf9idii0q-spacer-0.3.0"
        },
        "x86_64-linux": {
          "store_path": "/nix/store/z435gcb0hii32inx93bbbxyqd6y83s29-spacer-0.3.0"
        }
      }
    },
    "sqlite@latest": {
      "last_modified": "2023-12-18T11:51:34Z",
      "resolved": "github:NixOS/nixpkgs/886c9aee6ca9324e127f9c2c4e6f68c2641c8256#sqlite",
      "source": "devbox-search",
      "version": "3.43.2",
      "systems": {
        "aarch64-darwin": {
          "store_path": "/nix/store/wzi81bsqri0xr27qqnb75f66fkyi8cj5-sqlite-3.43.2-bin"
        },
        "aarch64-linux": {
          "store_path": "/nix/store/66h93h6kan55pm3i338k3zhcvmzrxlmv-sqlite-3.43.2-bin"
        },
        "x86_64-darwin": {
          "store_path": "/nix/store/jbrrymrck4bxa19y1rvyfsi6nmxw0r2x-sqlite-3.43.2-bin"
        },
        "x86_64-linux": {
          "store_path": "/nix/store/c1r78xcyvkkvsax259d9v4k787bfvv7j-sqlite-3.43.2-bin"
        }
      }
    },
    "starship@latest": {
      "last_modified": "2024-02-10T18:15:24Z",
      "resolved": "github:NixOS/nixpkgs/10b813040df67c4039086db0f6eaf65c536886c6#starship",
      "source": "devbox-search",
      "version": "1.17.1",
      "systems": {
        "aarch64-darwin": {
          "store_path": "/nix/store/w4a1r38xdqk34h483sy9smv9dvcnpqr3-starship-1.17.1"
        },
        "aarch64-linux": {
          "store_path": "/nix/store/j4gyaaxvi0c3lqpwkyy0nv78bl4kx9hy-starship-1.17.1"
        },
        "x86_64-darwin": {
          "store_path": "/nix/store/11kd5lj2fav1wls3w2xhh1va9q6spnrg-starship-1.17.1"
        },
        "x86_64-linux": {
          "store_path": "/nix/store/nszmm3qcgsw479h2qf3vva12s898a6ah-starship-1.17.1"
        }
      }
    },
    "tig@latest": {
      "last_modified": "2023-12-13T22:54:10Z",
      "resolved": "github:NixOS/nixpkgs/fd04bea4cbf76f86f244b9e2549fca066db8ddff#tig",
      "source": "devbox-search",
      "version": "2.5.8",
      "systems": {
        "aarch64-darwin": {
          "store_path": "/nix/store/m451q5slkkax0c6kbdniq3y146wvifl6-tig-2.5.8"
        },
        "aarch64-linux": {
          "store_path": "/nix/store/jhr4rhawvrm1k6290pjakddlfwzvnbkj-tig-2.5.8"
        },
        "x86_64-darwin": {
          "store_path": "/nix/store/1z8b9g1v4jivff2yypycff1bfrbbg9d6-tig-2.5.8"
        },
        "x86_64-linux": {
          "store_path": "/nix/store/whip142g3is589mz4l5y1yxmah3nvdnp-tig-2.5.8"
        }
      }
    },
    "tldr@latest": {
      "last_modified": "2023-12-25T10:13:25Z",
      "resolved": "github:NixOS/nixpkgs/e1fa12d4f6c6fe19ccb59cac54b5b3f25e160870#tldr",
      "source": "devbox-search",
      "version": "1.6.1",
      "systems": {
        "aarch64-darwin": {
          "store_path": "/nix/store/w0d61fpfskhj9rnd0ps0harmqn5xn4cz-tldr-1.6.1"
        },
        "aarch64-linux": {
          "store_path": "/nix/store/31jvd4si781mb3l9afxf5hwj8aswwsk3-tldr-1.6.1"
        },
        "x86_64-darwin": {
          "store_path": "/nix/store/04bml1z657h87sxfvm15mjygkvygirng-tldr-1.6.1"
        },
        "x86_64-linux": {
          "store_path": "/nix/store/x9mlhfw5pb25jk1ip63rwayr3m7krvma-tldr-1.6.1"
        }
      }
    },
    "tmux@latest": {
      "last_modified": "2022-06-07T02:20:12Z",
      "resolved": "github:NixOS/nixpkgs/d23be02c22add83d28588ac164dcbac733305b04#tmux",
      "source": "devbox-search",
      "version": "3.3",
      "systems": {
        "aarch64-darwin": {
          "store_path": "/nix/store/5cjql2qsrry8py5nxbc582v6ygplyq15-tmux-3.3"
        },
        "aarch64-linux": {
          "store_path": "/nix/store/d3w6mamrvhfklcqpdqzaxs2w0crf04i8-tmux-3.3"
        },
        "x86_64-darwin": {
          "store_path": "/nix/store/gsv76cwg8ss0inizmjnfwgwkyxzpwgzl-tmux-3.3"
        },
        "x86_64-linux": {
          "store_path": "/nix/store/qr266qpqrlfzm39ak93dx7h8iwnndmk2-tmux-3.3"
        }
      }
    },
    "traceroute@latest": {
      "last_modified": "2023-12-25T10:13:25Z",
      "resolved": "github:NixOS/nixpkgs/e1fa12d4f6c6fe19ccb59cac54b5b3f25e160870#traceroute",
      "source": "devbox-search",
      "version": "2.1.5",
      "systems": {
        "aarch64-linux": {
          "store_path": "/nix/store/hzah1kj5hksc09ssvvn5l9k5dgl4h1xl-traceroute-2.1.5"
        },
        "x86_64-linux": {
          "store_path": "/nix/store/nq3fxx9zzry8f127p82qlnl4kk0c0jmi-traceroute-2.1.5"
        }
      }
    },
    "tree@latest": {
      "last_modified": "2023-12-13T22:54:10Z",
      "resolved": "github:NixOS/nixpkgs/fd04bea4cbf76f86f244b9e2549fca066db8ddff#tree",
      "source": "devbox-search",
      "version": "2.1.1",
      "systems": {
        "aarch64-darwin": {
          "store_path": "/nix/store/yfk751rbsyxg7qxa5dqg8g32hbh0f4r8-tree-2.1.1"
        },
        "aarch64-linux": {
          "store_path": "/nix/store/fgisrrj2n5y9iprblz2lajvj7gqp90nw-tree-2.1.1"
        },
        "x86_64-darwin": {
          "store_path": "/nix/store/bafy4m5a36dn58rcfdmnr5b54xx7x35r-tree-2.1.1"
        },
        "x86_64-linux": {
          "store_path": "/nix/store/2dspc2bziifp0891x4l0m4z5kf66lm9n-tree-2.1.1"
        }
      }
    },
    "unzip@latest": {
      "last_modified": "2023-12-18T02:58:18Z",
      "resolved": "github:NixOS/nixpkgs/ca16221251951e9c6261a1a2bb4f9389038d3632#unzip",
      "source": "devbox-search",
      "version": "6.0",
      "systems": {
        "aarch64-darwin": {
          "store_path": "/nix/store/jgzwyxxwd9kxz3sn7q4cidqwxwq59a7f-unzip-6.0"
        },
        "aarch64-linux": {
          "store_path": "/nix/store/57q0x242wmiggc651mayhazpf07i5wiv-unzip-6.0"
        },
        "x86_64-darwin": {
          "store_path": "/nix/store/f69dj3mds7c54lgd00hny2vxgian9q0q-unzip-6.0"
        },
        "x86_64-linux": {
          "store_path": "/nix/store/jqqhncz6kca515cwammz56w7l34z7wyb-unzip-6.0"
        }
      }
    },
    "w3m@latest": {
      "last_modified": "2023-12-13T22:54:10Z",
      "resolved": "github:NixOS/nixpkgs/fd04bea4cbf76f86f244b9e2549fca066db8ddff#w3m",
      "source": "devbox-search",
      "version": "0.5.3+git20230121",
      "systems": {
        "aarch64-darwin": {
          "store_path": "/nix/store/q9fcc490ab68dv2jfh97snhyyd8kr416-w3m-0.5.3+git20230121"
        },
        "aarch64-linux": {
          "store_path": "/nix/store/whbfl50kaibv187w1vnhi6gy2q6an7g3-w3m-0.5.3+git20230121"
        },
        "x86_64-darwin": {
          "store_path": "/nix/store/pgz19mm7y8sqjk0lka7357rf64yy6ffq-w3m-0.5.3+git20230121"
        },
        "x86_64-linux": {
          "store_path": "/nix/store/9irldk1hjbhblx8r5kplb2qyr2g6vp6q-w3m-0.5.3+git20230121"
        }
      }
    },
    "wget@latest": {
      "last_modified": "2023-12-13T22:54:10Z",
      "resolved": "github:NixOS/nixpkgs/fd04bea4cbf76f86f244b9e2549fca066db8ddff#wget",
      "source": "devbox-search",
      "version": "1.21.4",
      "systems": {
        "aarch64-darwin": {
          "store_path": "/nix/store/jwl3y883wqhv6vc1y378xkmy28par3bd-wget-1.21.4"
        },
        "aarch64-linux": {
          "store_path": "/nix/store/3yh1458b26p43l5z2dr3qncfy1qmcc4c-wget-1.21.4"
        },
        "x86_64-darwin": {
          "store_path": "/nix/store/f8i21s8ppgnkhv3l1zviw3535vlh7ym5-wget-1.21.4"
        },
        "x86_64-linux": {
          "store_path": "/nix/store/xflxgibbr4kabs1h4mcpvv03j1i36n97-wget-1.21.4"
        }
      }
    }
  }
}
